// !$*UTF8*$!
{
	archiveVersion = 1;
	classes = {
	};
	objectVersion = 50;
	objects = {

/* Begin PBXBuildFile section */
		1804849722C25EAA0097117E /* AppDelegate.swift in Sources */ = {isa = PBXBuildFile; fileRef = 1804849622C25EAA0097117E /* AppDelegate.swift */; };
		1804849C22C25EAA0097117E /* Main.storyboard in Resources */ = {isa = PBXBuildFile; fileRef = 1804849A22C25EAA0097117E /* Main.storyboard */; };
		1804849F22C25EAA0097117E /* ViewFinder.xcdatamodeld in Sources */ = {isa = PBXBuildFile; fileRef = 1804849D22C25EAA0097117E /* ViewFinder.xcdatamodeld */; };
		180484A122C25EAD0097117E /* Assets.xcassets in Resources */ = {isa = PBXBuildFile; fileRef = 180484A022C25EAD0097117E /* Assets.xcassets */; };
		180484A422C25EAD0097117E /* LaunchScreen.storyboard in Resources */ = {isa = PBXBuildFile; fileRef = 180484A222C25EAD0097117E /* LaunchScreen.storyboard */; };
		180484AF22C25EAD0097117E /* ViewFinderTests.swift in Sources */ = {isa = PBXBuildFile; fileRef = 180484AE22C25EAD0097117E /* ViewFinderTests.swift */; };
		180484BA22C25EAD0097117E /* ViewFinderUITests.swift in Sources */ = {isa = PBXBuildFile; fileRef = 180484B922C25EAD0097117E /* ViewFinderUITests.swift */; };
/* End PBXBuildFile section */

/* Begin PBXContainerItemProxy section */
		180484AB22C25EAD0097117E /* PBXContainerItemProxy */ = {
			isa = PBXContainerItemProxy;
			containerPortal = 1804848B22C25EAA0097117E /* Project object */;
			proxyType = 1;
			remoteGlobalIDString = 1804849222C25EAA0097117E;
			remoteInfo = ViewFinder;
		};
		180484B622C25EAD0097117E /* PBXContainerItemProxy */ = {
			isa = PBXContainerItemProxy;
			containerPortal = 1804848B22C25EAA0097117E /* Project object */;
			proxyType = 1;
			remoteGlobalIDString = 1804849222C25EAA0097117E;
			remoteInfo = ViewFinder;
		};
/* End PBXContainerItemProxy section */

/* Begin PBXFileReference section */
		1804849322C25EAA0097117E /* ViewFinder.app */ = {isa = PBXFileReference; explicitFileType = wrapper.application; includeInIndex = 0; path = ViewFinder.app; sourceTree = BUILT_PRODUCTS_DIR; };
		1804849622C25EAA0097117E /* AppDelegate.swift */ = {isa = PBXFileReference; lastKnownFileType = sourcecode.swift; path = AppDelegate.swift; sourceTree = "<group>"; };
		1804849B22C25EAA0097117E /* Base */ = {isa = PBXFileReference; lastKnownFileType = file.storyboard; name = Base; path = Base.lproj/Main.storyboard; sourceTree = "<group>"; };
		1804849E22C25EAA0097117E /* ViewFinder.xcdatamodel */ = {isa = PBXFileReference; lastKnownFileType = wrapper.xcdatamodel; path = ViewFinder.xcdatamodel; sourceTree = "<group>"; };
		180484A022C25EAD0097117E /* Assets.xcassets */ = {isa = PBXFileReference; lastKnownFileType = folder.assetcatalog; path = Assets.xcassets; sourceTree = "<group>"; };
		180484A322C25EAD0097117E /* Base */ = {isa = PBXFileReference; lastKnownFileType = file.storyboard; name = Base; path = Base.lproj/LaunchScreen.storyboard; sourceTree = "<group>"; };
		180484A522C25EAD0097117E /* Info.plist */ = {isa = PBXFileReference; lastKnownFileType = text.plist.xml; path = Info.plist; sourceTree = "<group>"; };
		180484AA22C25EAD0097117E /* ViewFinderTests.xctest */ = {isa = PBXFileReference; explicitFileType = wrapper.cfbundle; includeInIndex = 0; path = ViewFinderTests.xctest; sourceTree = BUILT_PRODUCTS_DIR; };
		180484AE22C25EAD0097117E /* ViewFinderTests.swift */ = {isa = PBXFileReference; lastKnownFileType = sourcecode.swift; path = ViewFinderTests.swift; sourceTree = "<group>"; };
		180484B022C25EAD0097117E /* Info.plist */ = {isa = PBXFileReference; lastKnownFileType = text.plist.xml; path = Info.plist; sourceTree = "<group>"; };
		180484B522C25EAD0097117E /* ViewFinderUITests.xctest */ = {isa = PBXFileReference; explicitFileType = wrapper.cfbundle; includeInIndex = 0; path = ViewFinderUITests.xctest; sourceTree = BUILT_PRODUCTS_DIR; };
		180484B922C25EAD0097117E /* ViewFinderUITests.swift */ = {isa = PBXFileReference; lastKnownFileType = sourcecode.swift; path = ViewFinderUITests.swift; sourceTree = "<group>"; };
		180484BB22C25EAD0097117E /* Info.plist */ = {isa = PBXFileReference; lastKnownFileType = text.plist.xml; path = Info.plist; sourceTree = "<group>"; };
/* End PBXFileReference section */

/* Begin PBXFrameworksBuildPhase section */
		1804849022C25EAA0097117E /* Frameworks */ = {
			isa = PBXFrameworksBuildPhase;
			buildActionMask = 2147483647;
			files = (
			);
			runOnlyForDeploymentPostprocessing = 0;
		};
		180484A722C25EAD0097117E /* Frameworks */ = {
			isa = PBXFrameworksBuildPhase;
			buildActionMask = 2147483647;
			files = (
			);
			runOnlyForDeploymentPostprocessing = 0;
		};
		180484B222C25EAD0097117E /* Frameworks */ = {
			isa = PBXFrameworksBuildPhase;
			buildActionMask = 2147483647;
			files = (
			);
			runOnlyForDeploymentPostprocessing = 0;
		};
/* End PBXFrameworksBuildPhase section */

/* Begin PBXGroup section */
		1804848A22C25EAA0097117E = {
			isa = PBXGroup;
			children = (
				1804849522C25EAA0097117E /* ViewFinder */,
				180484AD22C25EAD0097117E /* ViewFinderTests */,
				180484B822C25EAD0097117E /* ViewFinderUITests */,
				1804849422C25EAA0097117E /* Products */,
			);
			sourceTree = "<group>";
		};
		1804849422C25EAA0097117E /* Products */ = {
			isa = PBXGroup;
			children = (
				1804849322C25EAA0097117E /* ViewFinder.app */,
				180484AA22C25EAD0097117E /* ViewFinderTests.xctest */,
				180484B522C25EAD0097117E /* ViewFinderUITests.xctest */,
			);
			name = Products;
			sourceTree = "<group>";
		};
		1804849522C25EAA0097117E /* ViewFinder */ = {
			isa = PBXGroup;
			children = (
				1804849622C25EAA0097117E /* AppDelegate.swift */,
				1804849A22C25EAA0097117E /* Main.storyboard */,
				180484A022C25EAD0097117E /* Assets.xcassets */,
				180484A222C25EAD0097117E /* LaunchScreen.storyboard */,
				180484A522C25EAD0097117E /* Info.plist */,
				1804849D22C25EAA0097117E /* ViewFinder.xcdatamodeld */,
			);
			path = ViewFinder;
			sourceTree = "<group>";
		};
		180484AD22C25EAD0097117E /* ViewFinderTests */ = {
			isa = PBXGroup;
			children = (
				180484AE22C25EAD0097117E /* ViewFinderTests.swift */,
				180484B022C25EAD0097117E /* Info.plist */,
			);
			path = ViewFinderTests;
			sourceTree = "<group>";
		};
		180484B822C25EAD0097117E /* ViewFinderUITests */ = {
			isa = PBXGroup;
			children = (
				180484B922C25EAD0097117E /* ViewFinderUITests.swift */,
				180484BB22C25EAD0097117E /* Info.plist */,
			);
			path = ViewFinderUITests;
			sourceTree = "<group>";
		};
/* End PBXGroup section */

/* Begin PBXNativeTarget section */
		1804849222C25EAA0097117E /* ViewFinder */ = {
			isa = PBXNativeTarget;
			buildConfigurationList = 180484BE22C25EAD0097117E /* Build configuration list for PBXNativeTarget "ViewFinder" */;
			buildPhases = (
				1804848F22C25EAA0097117E /* Sources */,
				1804849022C25EAA0097117E /* Frameworks */,
				1804849122C25EAA0097117E /* Resources */,
			);
			buildRules = (
			);
			dependencies = (
			);
			name = ViewFinder;
			productName = ViewFinder;
			productReference = 1804849322C25EAA0097117E /* ViewFinder.app */;
			productType = "com.apple.product-type.application";
		};
		180484A922C25EAD0097117E /* ViewFinderTests */ = {
			isa = PBXNativeTarget;
			buildConfigurationList = 180484C122C25EAD0097117E /* Build configuration list for PBXNativeTarget "ViewFinderTests" */;
			buildPhases = (
				180484A622C25EAD0097117E /* Sources */,
				180484A722C25EAD0097117E /* Frameworks */,
				180484A822C25EAD0097117E /* Resources */,
			);
			buildRules = (
			);
			dependencies = (
				180484AC22C25EAD0097117E /* PBXTargetDependency */,
			);
			name = ViewFinderTests;
			productName = ViewFinderTests;
			productReference = 180484AA22C25EAD0097117E /* ViewFinderTests.xctest */;
			productType = "com.apple.product-type.bundle.unit-test";
		};
		180484B422C25EAD0097117E /* ViewFinderUITests */ = {
			isa = PBXNativeTarget;
			buildConfigurationList = 180484C422C25EAD0097117E /* Build configuration list for PBXNativeTarget "ViewFinderUITests" */;
			buildPhases = (
				180484B122C25EAD0097117E /* Sources */,
				180484B222C25EAD0097117E /* Frameworks */,
				180484B322C25EAD0097117E /* Resources */,
			);
			buildRules = (
			);
			dependencies = (
				180484B722C25EAD0097117E /* PBXTargetDependency */,
			);
			name = ViewFinderUITests;
			productName = ViewFinderUITests;
			productReference = 180484B522C25EAD0097117E /* ViewFinderUITests.xctest */;
			productType = "com.apple.product-type.bundle.ui-testing";
		};
/* End PBXNativeTarget section */

/* Begin PBXProject section */
		1804848B22C25EAA0097117E /* Project object */ = {
			isa = PBXProject;
			attributes = {
				LastSwiftUpdateCheck = 1020;
				LastUpgradeCheck = 1020;
				ORGANIZATIONNAME = Apple;
				TargetAttributes = {
					1804849222C25EAA0097117E = {
						CreatedOnToolsVersion = 10.2.1;
					};
					180484A922C25EAD0097117E = {
						CreatedOnToolsVersion = 10.2.1;
						TestTargetID = 1804849222C25EAA0097117E;
					};
					180484B422C25EAD0097117E = {
						CreatedOnToolsVersion = 10.2.1;
						TestTargetID = 1804849222C25EAA0097117E;
					};
				};
			};
			buildConfigurationList = 1804848E22C25EAA0097117E /* Build configuration list for PBXProject "ViewFinder" */;
			compatibilityVersion = "Xcode 9.3";
			developmentRegion = en;
			hasScannedForEncodings = 0;
			knownRegions = (
				en,
				Base,
			);
			mainGroup = 1804848A22C25EAA0097117E;
			productRefGroup = 1804849422C25EAA0097117E /* Products */;
			projectDirPath = "";
			projectRoot = "";
			targets = (
				1804849222C25EAA0097117E /* ViewFinder */,
				180484A922C25EAD0097117E /* ViewFinderTests */,
				180484B422C25EAD0097117E /* ViewFinderUITests */,
			);
		};
/* End PBXProject section */

/* Begin PBXResourcesBuildPhase section */
		1804849122C25EAA0097117E /* Resources */ = {
			isa = PBXResourcesBuildPhase;
			buildActionMask = 2147483647;
			files = (
				180484A422C25EAD0097117E /* LaunchScreen.storyboard in Resources */,
				180484A122C25EAD0097117E /* Assets.xcassets in Resources */,
				1804849C22C25EAA0097117E /* Main.storyboard in Resources */,
			);
			runOnlyForDeploymentPostprocessing = 0;
		};
		180484A822C25EAD0097117E /* Resources */ = {
			isa = PBXResourcesBuildPhase;
			buildActionMask = 2147483647;
			files = (
			);
			runOnlyForDeploymentPostprocessing = 0;
		};
		180484B322C25EAD0097117E /* Resources */ = {
			isa = PBXResourcesBuildPhase;
			buildActionMask = 2147483647;
			files = (
			);
			runOnlyForDeploymentPostprocessing = 0;
		};
/* End PBXResourcesBuildPhase section */

/* Begin PBXSourcesBuildPhase section */
		1804848F22C25EAA0097117E /* Sources */ = {
			isa = PBXSourcesBuildPhase;
			buildActionMask = 2147483647;
			files = (
				1804849F22C25EAA0097117E /* ViewFinder.xcdatamodeld in Sources */,
				1804849722C25EAA0097117E /* AppDelegate.swift in Sources */,
			);
			runOnlyForDeploymentPostprocessing = 0;
		};
		180484A622C25EAD0097117E /* Sources */ = {
			isa = PBXSourcesBuildPhase;
			buildActionMask = 2147483647;
			files = (
				180484AF22C25EAD0097117E /* ViewFinderTests.swift in Sources */,
			);
			runOnlyForDeploymentPostprocessing = 0;
		};
		180484B122C25EAD0097117E /* Sources */ = {
			isa = PBXSourcesBuildPhase;
			buildActionMask = 2147483647;
			files = (
				180484BA22C25EAD0097117E /* ViewFinderUITests.swift in Sources */,
			);
			runOnlyForDeploymentPostprocessing = 0;
		};
/* End PBXSourcesBuildPhase section */

/* Begin PBXTargetDependency section */
		180484AC22C25EAD0097117E /* PBXTargetDependency */ = {
			isa = PBXTargetDependency;
			target = 1804849222C25EAA0097117E /* ViewFinder */;
			targetProxy = 180484AB22C25EAD0097117E /* PBXContainerItemProxy */;
		};
		180484B722C25EAD0097117E /* PBXTargetDependency */ = {
			isa = PBXTargetDependency;
			target = 1804849222C25EAA0097117E /* ViewFinder */;
			targetProxy = 180484B622C25EAD0097117E /* PBXContainerItemProxy */;
		};
/* End PBXTargetDependency section */

/* Begin PBXVariantGroup section */
		1804849A22C25EAA0097117E /* Main.storyboard */ = {
			isa = PBXVariantGroup;
			children = (
				1804849B22C25EAA0097117E /* Base */,
			);
			name = Main.storyboard;
			sourceTree = "<group>";
		};
		180484A222C25EAD0097117E /* LaunchScreen.storyboard */ = {
			isa = PBXVariantGroup;
			children = (
				180484A322C25EAD0097117E /* Base */,
			);
			name = LaunchScreen.storyboard;
			sourceTree = "<group>";
		};
/* End PBXVariantGroup section */

/* Begin XCBuildConfiguration section */
		180484BC22C25EAD0097117E /* Debug */ = {
			isa = XCBuildConfiguration;
			buildSettings = {
				ALWAYS_SEARCH_USER_PATHS = NO;
				CLANG_ANALYZER_NONNULL = YES;
				CLANG_ANALYZER_NUMBER_OBJECT_CONVERSION = YES_AGGRESSIVE;
				CLANG_CXX_LANGUAGE_STANDARD = "gnu++14";
				CLANG_CXX_LIBRARY = "libc++";
				CLANG_ENABLE_MODULES = YES;
				CLANG_ENABLE_OBJC_ARC = YES;
				CLANG_ENABLE_OBJC_WEAK = YES;
				CLANG_WARN_BLOCK_CAPTURE_AUTORELEASING = YES;
				CLANG_WARN_BOOL_CONVERSION = YES;
				CLANG_WARN_COMMA = YES;
				CLANG_WARN_CONSTANT_CONVERSION = YES;
				CLANG_WARN_DEPRECATED_OBJC_IMPLEMENTATIONS = YES;
				CLANG_WARN_DIRECT_OBJC_ISA_USAGE = YES_ERROR;
				CLANG_WARN_DOCUMENTATION_COMMENTS = YES;
				CLANG_WARN_EMPTY_BODY = YES;
				CLANG_WARN_ENUM_CONVERSION = YES;
				CLANG_WARN_INFINITE_RECURSION = YES;
				CLANG_WARN_INT_CONVERSION = YES;
				CLANG_WARN_NON_LITERAL_NULL_CONVERSION = YES;
				CLANG_WARN_OBJC_IMPLICIT_RETAIN_SELF = YES;
				CLANG_WARN_OBJC_LITERAL_CONVERSION = YES;
				CLANG_WARN_OBJC_ROOT_CLASS = YES_ERROR;
				CLANG_WARN_RANGE_LOOP_ANALYSIS = YES;
				CLANG_WARN_STRICT_PROTOTYPES = YES;
				CLANG_WARN_SUSPICIOUS_MOVE = YES;
				CLANG_WARN_UNGUARDED_AVAILABILITY = YES_AGGRESSIVE;
				CLANG_WARN_UNREACHABLE_CODE = YES;
				CLANG_WARN__DUPLICATE_METHOD_MATCH = YES;
				CODE_SIGN_IDENTITY = "iPhone Developer";
				COPY_PHASE_STRIP = NO;
				DEBUG_INFORMATION_FORMAT = dwarf;
				ENABLE_STRICT_OBJC_MSGSEND = YES;
				ENABLE_TESTABILITY = YES;
				GCC_C_LANGUAGE_STANDARD = gnu11;
				GCC_DYNAMIC_NO_PIC = NO;
				GCC_NO_COMMON_BLOCKS = YES;
				GCC_OPTIMIZATION_LEVEL = 0;
				GCC_PREPROCESSOR_DEFINITIONS = (
					"DEBUG=1",
					"$(inherited)",
				);
				GCC_WARN_64_TO_32_BIT_CONVERSION = YES;
				GCC_WARN_ABOUT_RETURN_TYPE = YES_ERROR;
				GCC_WARN_UNDECLARED_SELECTOR = YES;
				GCC_WARN_UNINITIALIZED_AUTOS = YES_AGGRESSIVE;
				GCC_WARN_UNUSED_FUNCTION = YES;
				GCC_WARN_UNUSED_VARIABLE = YES;
				IPHONEOS_DEPLOYMENT_TARGET = 12.2;
				MTL_ENABLE_DEBUG_INFO = INCLUDE_SOURCE;
				MTL_FAST_MATH = YES;
				ONLY_ACTIVE_ARCH = YES;
				SDKROOT = iphoneos;
				SWIFT_ACTIVE_COMPILATION_CONDITIONS = DEBUG;
				SWIFT_OPTIMIZATION_LEVEL = "-Onone";
			};
			name = Debug;
		};
		180484BD22C25EAD0097117E /* Release */ = {
			isa = XCBuildConfiguration;
			buildSettings = {
				ALWAYS_SEARCH_USER_PATHS = NO;
				CLANG_ANALYZER_NONNULL = YES;
				CLANG_ANALYZER_NUMBER_OBJECT_CONVERSION = YES_AGGRESSIVE;
				CLANG_CXX_LANGUAGE_STANDARD = "gnu++14";
				CLANG_CXX_LIBRARY = "libc++";
				CLANG_ENABLE_MODULES = YES;
				CLANG_ENABLE_OBJC_ARC = YES;
				CLANG_ENABLE_OBJC_WEAK = YES;
				CLANG_WARN_BLOCK_CAPTURE_AUTORELEASING = YES;
				CLANG_WARN_BOOL_CONVERSION = YES;
				CLANG_WARN_COMMA = YES;
				CLANG_WARN_CONSTANT_CONVERSION = YES;
				CLANG_WARN_DEPRECATED_OBJC_IMPLEMENTATIONS = YES;
				CLANG_WARN_DIRECT_OBJC_ISA_USAGE = YES_ERROR;
				CLANG_WARN_DOCUMENTATION_COMMENTS = YES;
				CLANG_WARN_EMPTY_BODY = YES;
				CLANG_WARN_ENUM_CONVERSION = YES;
				CLANG_WARN_INFINITE_RECURSION = YES;
				CLANG_WARN_INT_CONVERSION = YES;
				CLANG_WARN_NON_LITERAL_NULL_CONVERSION = YES;
				CLANG_WARN_OBJC_IMPLICIT_RETAIN_SELF = YES;
				CLANG_WARN_OBJC_LITERAL_CONVERSION = YES;
				CLANG_WARN_OBJC_ROOT_CLASS = YES_ERROR;
				CLANG_WARN_RANGE_LOOP_ANALYSIS = YES;
				CLANG_WARN_STRICT_PROTOTYPES = YES;
				CLANG_WARN_SUSPICIOUS_MOVE = YES;
				CLANG_WARN_UNGUARDED_AVAILABILITY = YES_AGGRESSIVE;
				CLANG_WARN_UNREACHABLE_CODE = YES;
				CLANG_WARN__DUPLICATE_METHOD_MATCH = YES;
				CODE_SIGN_IDENTITY = "iPhone Developer";
				COPY_PHASE_STRIP = NO;
				DEBUG_INFORMATION_FORMAT = "dwarf-with-dsym";
				ENABLE_NS_ASSERTIONS = NO;
				ENABLE_STRICT_OBJC_MSGSEND = YES;
				GCC_C_LANGUAGE_STANDARD = gnu11;
				GCC_NO_COMMON_BLOCKS = YES;
				GCC_WARN_64_TO_32_BIT_CONVERSION = YES;
				GCC_WARN_ABOUT_RETURN_TYPE = YES_ERROR;
				GCC_WARN_UNDECLARED_SELECTOR = YES;
				GCC_WARN_UNINITIALIZED_AUTOS = YES_AGGRESSIVE;
				GCC_WARN_UNUSED_FUNCTION = YES;
				GCC_WARN_UNUSED_VARIABLE = YES;
				IPHONEOS_DEPLOYMENT_TARGET = 12.2;
				MTL_ENABLE_DEBUG_INFO = NO;
				MTL_FAST_MATH = YES;
				SDKROOT = iphoneos;
				SWIFT_COMPILATION_MODE = wholemodule;
				SWIFT_OPTIMIZATION_LEVEL = "-O";
				VALIDATE_PRODUCT = YES;
			};
			name = Release;
		};
		180484BF22C25EAD0097117E /* Debug */ = {
			isa = XCBuildConfiguration;
			buildSettings = {
				ASSETCATALOG_COMPILER_APPICON_NAME = AppIcon;
				CODE_SIGN_STYLE = Automatic;
				INFOPLIST_FILE = ViewFinder/Info.plist;
				LD_RUNPATH_SEARCH_PATHS = (
					"$(inherited)",
					"@executable_path/Frameworks",
				);
				PRODUCT_BUNDLE_IDENTIFIER = ZP.ViewFinder;
				PRODUCT_NAME = "$(TARGET_NAME)";
				SWIFT_VERSION = 5.0;
				TARGETED_DEVICE_FAMILY = "1,2";
			};
			name = Debug;
		};
		180484C022C25EAD0097117E /* Release */ = {
			isa = XCBuildConfiguration;
			buildSettings = {
				ASSETCATALOG_COMPILER_APPICON_NAME = AppIcon;
				CODE_SIGN_STYLE = Automatic;
				INFOPLIST_FILE = ViewFinder/Info.plist;
				LD_RUNPATH_SEARCH_PATHS = (
					"$(inherited)",
					"@executable_path/Frameworks",
				);
				PRODUCT_BUNDLE_IDENTIFIER = ZP.ViewFinder;
				PRODUCT_NAME = "$(TARGET_NAME)";
				SWIFT_VERSION = 5.0;
				TARGETED_DEVICE_FAMILY = "1,2";
			};
			name = Release;
		};
		180484C222C25EAD0097117E /* Debug */ = {
			isa = XCBuildConfiguration;
			buildSettings = {
				ALWAYS_EMBED_SWIFT_STANDARD_LIBRARIES = YES;
				BUNDLE_LOADER = "$(TEST_HOST)";
				CODE_SIGN_STYLE = Automatic;
				INFOPLIST_FILE = ViewFinderTests/Info.plist;
				LD_RUNPATH_SEARCH_PATHS = (
					"$(inherited)",
					"@executable_path/Frameworks",
					"@loader_path/Frameworks",
				);
				PRODUCT_BUNDLE_IDENTIFIER = ZP.ViewFinderTests;
				PRODUCT_NAME = "$(TARGET_NAME)";
				SWIFT_VERSION = 5.0;
				TARGETED_DEVICE_FAMILY = "1,2";
				TEST_HOST = "$(BUILT_PRODUCTS_DIR)/ViewFinder.app/ViewFinder";
			};
			name = Debug;
		};
		180484C322C25EAD0097117E /* Release */ = {
			isa = XCBuildConfiguration;
			buildSettings = {
				ALWAYS_EMBED_SWIFT_STANDARD_LIBRARIES = YES;
				BUNDLE_LOADER = "$(TEST_HOST)";
				CODE_SIGN_STYLE = Automatic;
				INFOPLIST_FILE = ViewFinderTests/Info.plist;
				LD_RUNPATH_SEARCH_PATHS = (
					"$(inherited)",
					"@executable_path/Frameworks",
					"@loader_path/Frameworks",
				);
				PRODUCT_BUNDLE_IDENTIFIER = ZP.ViewFinderTests;
				PRODUCT_NAME = "$(TARGET_NAME)";
				SWIFT_VERSION = 5.0;
				TARGETED_DEVICE_FAMILY = "1,2";
				TEST_HOST = "$(BUILT_PRODUCTS_DIR)/ViewFinder.app/ViewFinder";
			};
			name = Release;
		};
		180484C522C25EAD0097117E /* Debug */ = {
			isa = XCBuildConfiguration;
			buildSettings = {
				ALWAYS_EMBED_SWIFT_STANDARD_LIBRARIES = YES;
				CODE_SIGN_STYLE = Automatic;
				INFOPLIST_FILE = ViewFinderUITests/Info.plist;
				LD_RUNPATH_SEARCH_PATHS = (
					"$(inherited)",
					"@executable_path/Frameworks",
					"@loader_path/Frameworks",
				);
				PRODUCT_BUNDLE_IDENTIFIER = ZP.ViewFinderUITests;
				PRODUCT_NAME = "$(TARGET_NAME)";
				SWIFT_VERSION = 5.0;
				TARGETED_DEVICE_FAMILY = "1,2";
				TEST_TARGET_NAME = ViewFinder;
			};
			name = Debug;
		};
		180484C622C25EAD0097117E /* Release */ = {
			isa = XCBuildConfiguration;
			buildSettings = {
				ALWAYS_EMBED_SWIFT_STANDARD_LIBRARIES = YES;
				CODE_SIGN_STYLE = Automatic;
				INFOPLIST_FILE = ViewFinderUITests/Info.plist;
				LD_RUNPATH_SEARCH_PATHS = (
					"$(inherited)",
					"@executable_path/Frameworks",
					"@loader_path/Frameworks",
				);
				PRODUCT_BUNDLE_IDENTIFIER = ZP.ViewFinderUITests;
				PRODUCT_NAME = "$(TARGET_NAME)";
				SWIFT_VERSION = 5.0;
				TARGETED_DEVICE_FAMILY = "1,2";
				TEST_TARGET_NAME = ViewFinder;
			};
			name = Release;
		};
/* End XCBuildConfiguration section */

/* Begin XCConfigurationList section */
		1804848E22C25EAA0097117E /* Build configuration list for PBXProject "ViewFinder" */ = {
			isa = XCConfigurationList;
			buildConfigurations = (
				180484BC22C25EAD0097117E /* Debug */,
				180484BD22C25EAD0097117E /* Release */,
			);
			defaultConfigurationIsVisible = 0;
			defaultConfigurationName = Release;
		};
		180484BE22C25EAD0097117E /* Build configuration list for PBXNativeTarget "ViewFinder" */ = {
			isa = XCConfigurationList;
			buildConfigurations = (
				180484BF22C25EAD0097117E /* Debug */,
				180484C022C25EAD0097117E /* Release */,
			);
			defaultConfigurationIsVisible = 0;
			defaultConfigurationName = Release;
		};
		180484C122C25EAD0097117E /* Build configuration list for PBXNativeTarget "ViewFinderTests" */ = {
			isa = XCConfigurationList;
			buildConfigurations = (
				180484C222C25EAD0097117E /* Debug */,
				180484C322C25EAD0097117E /* Release */,
			);
			defaultConfigurationIsVisible = 0;
			defaultConfigurationName = Release;
		};
		180484C422C25EAD0097117E /* Build configuration list for PBXNativeTarget "ViewFinderUITests" */ = {
			isa = XCConfigurationList;
			buildConfigurations = (
				180484C522C25EAD0097117E /* Debug */,
				180484C622C25EAD0097117E /* Release */,
			);
			defaultConfigurationIsVisible = 0;
			defaultConfigurationName = Release;
		};
/* End XCConfigurationList section */

/* Begin XCVersionGroup section */
		1804849D22C25EAA0097117E /* ViewFinder.xcdatamodeld */ = {
			isa = XCVersionGroup;
			children = (
				1804849E22C25EAA0097117E /* ViewFinder.xcdatamodel */,
			);
			currentVersion = 1804849E22C25EAA0097117E /* ViewFinder.xcdatamodel */;
			path = ViewFinder.xcdatamodeld;
			sourceTree = "<group>";
			versionGroupType = wrapper.xcdatamodel;
		};
/* End XCVersionGroup section */
	};
	rootObject = 1804848B22C25EAA0097117E /* Project object */;
}
